// !$*UTF8*$!
{
	archiveVersion = 1;
	classes = {
	};
	objectVersion = 51;
	objects = {

/* Begin PBXBuildFile section */
		1211B40F267B495E00B2F9A2 /* Contrast&Gamma_VC.swift in Sources */ = {isa = PBXBuildFile; fileRef = 1211B40E267B495E00B2F9A2 /* Contrast&Gamma_VC.swift */; };
		122EF0972690A2E100888723 /* Extensions.swift in Sources */ = {isa = PBXBuildFile; fileRef = 122EF0962690A2E100888723 /* Extensions.swift */; };
		122EF09A2690A33100888723 /* AudioVisualizerView.swift in Sources */ = {isa = PBXBuildFile; fileRef = 122EF0992690A33100888723 /* AudioVisualizerView.swift */; };
		122EF09D2690A39100888723 /* RecordingsVC.swift in Sources */ = {isa = PBXBuildFile; fileRef = 122EF09C2690A39100888723 /* RecordingsVC.swift */; };
		122EF09F2690A3F000888723 /* MicrophoneVC.swift in Sources */ = {isa = PBXBuildFile; fileRef = 122EF09E2690A3F000888723 /* MicrophoneVC.swift */; };
		122EF0A22690A43C00888723 /* RecorderVC.swift in Sources */ = {isa = PBXBuildFile; fileRef = 122EF0A12690A43C00888723 /* RecorderVC.swift */; };
		122EF0A42690A48F00888723 /* RecordButton.swift in Sources */ = {isa = PBXBuildFile; fileRef = 122EF0A32690A48F00888723 /* RecordButton.swift */; };
		122EF0A62690A4C000888723 /* RecordButtonKit.swift in Sources */ = {isa = PBXBuildFile; fileRef = 122EF0A52690A4C000888723 /* RecordButtonKit.swift */; };
		122EF0AB2690A73C00888723 /* StartRecording.aiff in Resources */ = {isa = PBXBuildFile; fileRef = 122EF0A92690A73B00888723 /* StartRecording.aiff */; };
		122EF0AC2690A73C00888723 /* StopRecording.aiff in Resources */ = {isa = PBXBuildFile; fileRef = 122EF0AA2690A73C00888723 /* StopRecording.aiff */; };
		123FBCF2269864ED00E2AEE2 /* ButtonsVC.swift in Sources */ = {isa = PBXBuildFile; fileRef = 123FBCF1269864ED00E2AEE2 /* ButtonsVC.swift */; };
		12495D3A268AFDB800DD6191 /* AuthorizationVC.swift in Sources */ = {isa = PBXBuildFile; fileRef = 12495D39268AFDB800DD6191 /* AuthorizationVC.swift */; };
		12495D3C268B230200DD6191 /* FlashVC.swift in Sources */ = {isa = PBXBuildFile; fileRef = 12495D3B268B230200DD6191 /* FlashVC.swift */; };
		124A0EDE2675022C00621D68 /* RGB_VC.swift in Sources */ = {isa = PBXBuildFile; fileRef = 124A0EDD2675022C00621D68 /* RGB_VC.swift */; };
		124A0EE32675024700621D68 /* TouchVC.swift in Sources */ = {isa = PBXBuildFile; fileRef = 124A0EE22675024700621D68 /* TouchVC.swift */; };
		124A0EE82675026500621D68 /* BWG_VC.swift in Sources */ = {isa = PBXBuildFile; fileRef = 124A0EE72675026500621D68 /* BWG_VC.swift */; };
		12597D6B26958E2500D3D679 /* Reachability.swift in Sources */ = {isa = PBXBuildFile; fileRef = 12597D6A26958E2500D3D679 /* Reachability.swift */; };
		12597D6D26958E7700D3D679 /* WiFi_VC.swift in Sources */ = {isa = PBXBuildFile; fileRef = 12597D6C26958E7700D3D679 /* WiFi_VC.swift */; };
		1259866B26875B5600EA42F0 /* AmbientLightSensorVC.swift in Sources */ = {isa = PBXBuildFile; fileRef = 1259866A26875B5600EA42F0 /* AmbientLightSensorVC.swift */; };
		126704D12696F8E70046455B /* BluetoothVC.swift in Sources */ = {isa = PBXBuildFile; fileRef = 126704D02696F8E70046455B /* BluetoothVC.swift */; };
		1270432226971ED100CB55D7 /* BluetoothVC+Ext.swift in Sources */ = {isa = PBXBuildFile; fileRef = 1270432126971ED100CB55D7 /* BluetoothVC+Ext.swift */; };
		1270432526971FD100CB55D7 /* GPS_VC.swift in Sources */ = {isa = PBXBuildFile; fileRef = 1270432426971FD100CB55D7 /* GPS_VC.swift */; };
		127043272697205300CB55D7 /* GPS_VC+Ext.swift in Sources */ = {isa = PBXBuildFile; fileRef = 127043262697205300CB55D7 /* GPS_VC+Ext.swift */; };
		12742AAE268861C5003D0BEE /* CanvasTouch.swift in Sources */ = {isa = PBXBuildFile; fileRef = 12742AAD268861C5003D0BEE /* CanvasTouch.swift */; };
		12742AB1268864D9003D0BEE /* CanvasCompassV.swift in Sources */ = {isa = PBXBuildFile; fileRef = 12742AB0268864D9003D0BEE /* CanvasCompassV.swift */; };
		12742AB3268864FE003D0BEE /* CompassVC.swift in Sources */ = {isa = PBXBuildFile; fileRef = 12742AB2268864FE003D0BEE /* CompassVC.swift */; };
		1289A986267F5D83002070FB /* AccelerVC.swift in Sources */ = {isa = PBXBuildFile; fileRef = 1289A985267F5D83002070FB /* AccelerVC.swift */; };
		1289A988267F6081002070FB /* DistanсeVC.swift in Sources */ = {isa = PBXBuildFile; fileRef = 1289A987267F6081002070FB /* DistanсeVC.swift */; };
		1292E90B2692FCCC00418C4A /* HeadphonesSpeakVC.swift in Sources */ = {isa = PBXBuildFile; fileRef = 1292E90A2692FCCC00418C4A /* HeadphonesSpeakVC.swift */; };
		129530FA267296B40041F55F /* AppDelegate.swift in Sources */ = {isa = PBXBuildFile; fileRef = 129530F9267296B40041F55F /* AppDelegate.swift */; };
		129530FC267296B40041F55F /* SceneDelegate.swift in Sources */ = {isa = PBXBuildFile; fileRef = 129530FB267296B40041F55F /* SceneDelegate.swift */; };
		129530FE267296B40041F55F /* MainMenuVC.swift in Sources */ = {isa = PBXBuildFile; fileRef = 129530FD267296B40041F55F /* MainMenuVC.swift */; };
		12953101267296B40041F55F /* Main.storyboard in Resources */ = {isa = PBXBuildFile; fileRef = 129530FF267296B40041F55F /* Main.storyboard */; };
		12953103267296B60041F55F /* Assets.xcassets in Resources */ = {isa = PBXBuildFile; fileRef = 12953102267296B60041F55F /* Assets.xcassets */; };
		12953106267296B60041F55F /* LaunchScreen.storyboard in Resources */ = {isa = PBXBuildFile; fileRef = 12953104267296B60041F55F /* LaunchScreen.storyboard */; };
		12953111267296B60041F55F /* TestikTests.swift in Sources */ = {isa = PBXBuildFile; fileRef = 12953110267296B60041F55F /* TestikTests.swift */; };
		1295311C267296B60041F55F /* TestikUITests.swift in Sources */ = {isa = PBXBuildFile; fileRef = 1295311B267296B60041F55F /* TestikUITests.swift */; };
		12A93836268DB78A00E3E7EC /* PhotoVC.swift in Sources */ = {isa = PBXBuildFile; fileRef = 12A93835268DB78A00E3E7EC /* PhotoVC.swift */; };
		12A93838268DC54100E3E7EC /* PhotoVC+Ext.swift in Sources */ = {isa = PBXBuildFile; fileRef = 12A93837268DC54100E3E7EC /* PhotoVC+Ext.swift */; };
		12A983D82694784D00C35739 /* fakeSound2.mp3 in Resources */ = {isa = PBXBuildFile; fileRef = 12A983D72694784D00C35739 /* fakeSound2.mp3 */; };
		12B0556F268F8B6A00C778F2 /* testSound.mp3 in Resources */ = {isa = PBXBuildFile; fileRef = 12B0556E268F8B6A00C778F2 /* testSound.mp3 */; };
		12B05571268F8DCA00C778F2 /* FrontSpeakVC.swift in Sources */ = {isa = PBXBuildFile; fileRef = 12B05570268F8DCA00C778F2 /* FrontSpeakVC.swift */; };
		12BFFD20268F775C009EDEFA /* MainSpeakVC.swift in Sources */ = {isa = PBXBuildFile; fileRef = 12BFFD1F268F775C009EDEFA /* MainSpeakVC.swift */; };
		12C3A3492697375200604611 /* CellularVC.swift in Sources */ = {isa = PBXBuildFile; fileRef = 12C3A3482697375200604611 /* CellularVC.swift */; };
		12CEC343269751AA003D1A6F /* ChargeVC.swift in Sources */ = {isa = PBXBuildFile; fileRef = 12CEC342269751AA003D1A6F /* ChargeVC.swift */; };
		12CEC345269751E4003D1A6F /* VibrationVC.swift in Sources */ = {isa = PBXBuildFile; fileRef = 12CEC344269751E4003D1A6F /* VibrationVC.swift */; };
		8A9BD86054FE3101ED4FB4ED /* Pods_Testik_TestikUITests.framework in Frameworks */ = {isa = PBXBuildFile; fileRef = B22A903EF22D9BCFE6F5A7F9 /* Pods_Testik_TestikUITests.framework */; };
		BB3FE5C4A7DBA71A173EB613 /* Pods_Testik.framework in Frameworks */ = {isa = PBXBuildFile; fileRef = 3FA4F2F8739EDB85A42D2F9C /* Pods_Testik.framework */; };
		FC297C36B92A92E393A7AECC /* Pods_TestikTests.framework in Frameworks */ = {isa = PBXBuildFile; fileRef = DDA17552F5248380CD895755 /* Pods_TestikTests.framework */; };
/* End PBXBuildFile section */

/* Begin PBXContainerItemProxy section */
		1295310D267296B60041F55F /* PBXContainerItemProxy */ = {
			isa = PBXContainerItemProxy;
			containerPortal = 129530EE267296B40041F55F /* Project object */;
			proxyType = 1;
			remoteGlobalIDString = 129530F5267296B40041F55F;
			remoteInfo = Testik;
		};
		12953118267296B60041F55F /* PBXContainerItemProxy */ = {
			isa = PBXContainerItemProxy;
			containerPortal = 129530EE267296B40041F55F /* Project object */;
			proxyType = 1;
			remoteGlobalIDString = 129530F5267296B40041F55F;
			remoteInfo = Testik;
		};
/* End PBXContainerItemProxy section */

/* Begin PBXFileReference section */
		1211B40E267B495E00B2F9A2 /* Contrast&Gamma_VC.swift */ = {isa = PBXFileReference; lastKnownFileType = sourcecode.swift; path = "Contrast&Gamma_VC.swift"; sourceTree = "<group>"; };
		122EF0962690A2E100888723 /* Extensions.swift */ = {isa = PBXFileReference; lastKnownFileType = sourcecode.swift; path = Extensions.swift; sourceTree = "<group>"; };
		122EF0992690A33100888723 /* AudioVisualizerView.swift */ = {isa = PBXFileReference; lastKnownFileType = sourcecode.swift; path = AudioVisualizerView.swift; sourceTree = "<group>"; };
		122EF09C2690A39100888723 /* RecordingsVC.swift */ = {isa = PBXFileReference; lastKnownFileType = sourcecode.swift; path = RecordingsVC.swift; sourceTree = "<group>"; };
		122EF09E2690A3F000888723 /* MicrophoneVC.swift */ = {isa = PBXFileReference; lastKnownFileType = sourcecode.swift; path = MicrophoneVC.swift; sourceTree = "<group>"; };
		122EF0A12690A43C00888723 /* RecorderVC.swift */ = {isa = PBXFileReference; lastKnownFileType = sourcecode.swift; path = RecorderVC.swift; sourceTree = "<group>"; };
		122EF0A32690A48F00888723 /* RecordButton.swift */ = {isa = PBXFileReference; lastKnownFileType = sourcecode.swift; path = RecordButton.swift; sourceTree = "<group>"; };
		122EF0A52690A4C000888723 /* RecordButtonKit.swift */ = {isa = PBXFileReference; lastKnownFileType = sourcecode.swift; path = RecordButtonKit.swift; sourceTree = "<group>"; };
		122EF0A82690A6FE00888723 /* Bridging-Header.h */ = {isa = PBXFileReference; lastKnownFileType = sourcecode.c.h; path = "Bridging-Header.h"; sourceTree = "<group>"; };
		122EF0A92690A73B00888723 /* StartRecording.aiff */ = {isa = PBXFileReference; lastKnownFileType = audio.aiff; path = StartRecording.aiff; sourceTree = "<group>"; };
		122EF0AA2690A73C00888723 /* StopRecording.aiff */ = {isa = PBXFileReference; lastKnownFileType = audio.aiff; path = StopRecording.aiff; sourceTree = "<group>"; };
		123FBCF1269864ED00E2AEE2 /* ButtonsVC.swift */ = {isa = PBXFileReference; lastKnownFileType = sourcecode.swift; path = ButtonsVC.swift; sourceTree = "<group>"; };
		12495D39268AFDB800DD6191 /* AuthorizationVC.swift */ = {isa = PBXFileReference; lastKnownFileType = sourcecode.swift; path = AuthorizationVC.swift; sourceTree = "<group>"; };
		12495D3B268B230200DD6191 /* FlashVC.swift */ = {isa = PBXFileReference; lastKnownFileType = sourcecode.swift; path = FlashVC.swift; sourceTree = "<group>"; };
		124A0EDD2675022C00621D68 /* RGB_VC.swift */ = {isa = PBXFileReference; lastKnownFileType = sourcecode.swift; path = RGB_VC.swift; sourceTree = "<group>"; };
		124A0EE22675024700621D68 /* TouchVC.swift */ = {isa = PBXFileReference; lastKnownFileType = sourcecode.swift; path = TouchVC.swift; sourceTree = "<group>"; };
		124A0EE72675026500621D68 /* BWG_VC.swift */ = {isa = PBXFileReference; lastKnownFileType = sourcecode.swift; path = BWG_VC.swift; sourceTree = "<group>"; };
		12597D6A26958E2500D3D679 /* Reachability.swift */ = {isa = PBXFileReference; lastKnownFileType = sourcecode.swift; path = Reachability.swift; sourceTree = "<group>"; };
		12597D6C26958E7700D3D679 /* WiFi_VC.swift */ = {isa = PBXFileReference; lastKnownFileType = sourcecode.swift; path = WiFi_VC.swift; sourceTree = "<group>"; };
		1259866A26875B5600EA42F0 /* AmbientLightSensorVC.swift */ = {isa = PBXFileReference; lastKnownFileType = sourcecode.swift; path = AmbientLightSensorVC.swift; sourceTree = "<group>"; };
		126704D02696F8E70046455B /* BluetoothVC.swift */ = {isa = PBXFileReference; lastKnownFileType = sourcecode.swift; path = BluetoothVC.swift; sourceTree = "<group>"; };
		1270432126971ED100CB55D7 /* BluetoothVC+Ext.swift */ = {isa = PBXFileReference; lastKnownFileType = sourcecode.swift; path = "BluetoothVC+Ext.swift"; sourceTree = "<group>"; };
		1270432426971FD100CB55D7 /* GPS_VC.swift */ = {isa = PBXFileReference; lastKnownFileType = sourcecode.swift; path = GPS_VC.swift; sourceTree = "<group>"; };
		127043262697205300CB55D7 /* GPS_VC+Ext.swift */ = {isa = PBXFileReference; lastKnownFileType = sourcecode.swift; path = "GPS_VC+Ext.swift"; sourceTree = "<group>"; };
		12742AAD268861C5003D0BEE /* CanvasTouch.swift */ = {isa = PBXFileReference; lastKnownFileType = sourcecode.swift; path = CanvasTouch.swift; sourceTree = "<group>"; };
		12742AB0268864D9003D0BEE /* CanvasCompassV.swift */ = {isa = PBXFileReference; lastKnownFileType = sourcecode.swift; path = CanvasCompassV.swift; sourceTree = "<group>"; };
		12742AB2268864FE003D0BEE /* CompassVC.swift */ = {isa = PBXFileReference; lastKnownFileType = sourcecode.swift; path = CompassVC.swift; sourceTree = "<group>"; };
		1289A985267F5D83002070FB /* AccelerVC.swift */ = {isa = PBXFileReference; lastKnownFileType = sourcecode.swift; path = AccelerVC.swift; sourceTree = "<group>"; };
		1289A987267F6081002070FB /* DistanсeVC.swift */ = {isa = PBXFileReference; lastKnownFileType = sourcecode.swift; path = "DistanсeVC.swift"; sourceTree = "<group>"; };
		1292E90A2692FCCC00418C4A /* HeadphonesSpeakVC.swift */ = {isa = PBXFileReference; lastKnownFileType = sourcecode.swift; path = HeadphonesSpeakVC.swift; sourceTree = "<group>"; };
		129530F6267296B40041F55F /* Testik.app */ = {isa = PBXFileReference; explicitFileType = wrapper.application; includeInIndex = 0; path = Testik.app; sourceTree = BUILT_PRODUCTS_DIR; };
		129530F9267296B40041F55F /* AppDelegate.swift */ = {isa = PBXFileReference; lastKnownFileType = sourcecode.swift; path = AppDelegate.swift; sourceTree = "<group>"; };
		129530FB267296B40041F55F /* SceneDelegate.swift */ = {isa = PBXFileReference; lastKnownFileType = sourcecode.swift; path = SceneDelegate.swift; sourceTree = "<group>"; };
		129530FD267296B40041F55F /* MainMenuVC.swift */ = {isa = PBXFileReference; lastKnownFileType = sourcecode.swift; path = MainMenuVC.swift; sourceTree = "<group>"; };
		12953100267296B40041F55F /* Base */ = {isa = PBXFileReference; lastKnownFileType = file.storyboard; name = Base; path = Base.lproj/Main.storyboard; sourceTree = "<group>"; };
		12953102267296B60041F55F /* Assets.xcassets */ = {isa = PBXFileReference; lastKnownFileType = folder.assetcatalog; path = Assets.xcassets; sourceTree = "<group>"; };
		12953105267296B60041F55F /* Base */ = {isa = PBXFileReference; lastKnownFileType = file.storyboard; name = Base; path = Base.lproj/LaunchScreen.storyboard; sourceTree = "<group>"; };
		12953107267296B60041F55F /* Info.plist */ = {isa = PBXFileReference; lastKnownFileType = text.plist.xml; path = Info.plist; sourceTree = "<group>"; };
		1295310C267296B60041F55F /* TestikTests.xctest */ = {isa = PBXFileReference; explicitFileType = wrapper.cfbundle; includeInIndex = 0; path = TestikTests.xctest; sourceTree = BUILT_PRODUCTS_DIR; };
		12953110267296B60041F55F /* TestikTests.swift */ = {isa = PBXFileReference; lastKnownFileType = sourcecode.swift; path = TestikTests.swift; sourceTree = "<group>"; };
		12953112267296B60041F55F /* Info.plist */ = {isa = PBXFileReference; lastKnownFileType = text.plist.xml; path = Info.plist; sourceTree = "<group>"; };
		12953117267296B60041F55F /* TestikUITests.xctest */ = {isa = PBXFileReference; explicitFileType = wrapper.cfbundle; includeInIndex = 0; path = TestikUITests.xctest; sourceTree = BUILT_PRODUCTS_DIR; };
		1295311B267296B60041F55F /* TestikUITests.swift */ = {isa = PBXFileReference; lastKnownFileType = sourcecode.swift; path = TestikUITests.swift; sourceTree = "<group>"; };
		1295311D267296B60041F55F /* Info.plist */ = {isa = PBXFileReference; lastKnownFileType = text.plist.xml; path = Info.plist; sourceTree = "<group>"; };
		12A93835268DB78A00E3E7EC /* PhotoVC.swift */ = {isa = PBXFileReference; lastKnownFileType = sourcecode.swift; path = PhotoVC.swift; sourceTree = "<group>"; };
		12A93837268DC54100E3E7EC /* PhotoVC+Ext.swift */ = {isa = PBXFileReference; lastKnownFileType = sourcecode.swift; path = "PhotoVC+Ext.swift"; sourceTree = "<group>"; };
		12A983D72694784D00C35739 /* fakeSound2.mp3 */ = {isa = PBXFileReference; lastKnownFileType = audio.mp3; path = fakeSound2.mp3; sourceTree = "<group>"; };
		12B0556E268F8B6A00C778F2 /* testSound.mp3 */ = {isa = PBXFileReference; lastKnownFileType = audio.mp3; path = testSound.mp3; sourceTree = "<group>"; };
		12B05570268F8DCA00C778F2 /* FrontSpeakVC.swift */ = {isa = PBXFileReference; lastKnownFileType = sourcecode.swift; path = FrontSpeakVC.swift; sourceTree = "<group>"; };
		12BFFD1F268F775C009EDEFA /* MainSpeakVC.swift */ = {isa = PBXFileReference; lastKnownFileType = sourcecode.swift; path = MainSpeakVC.swift; sourceTree = "<group>"; };
		12C3A3482697375200604611 /* CellularVC.swift */ = {isa = PBXFileReference; lastKnownFileType = sourcecode.swift; path = CellularVC.swift; sourceTree = "<group>"; };
		12CEC342269751AA003D1A6F /* ChargeVC.swift */ = {isa = PBXFileReference; lastKnownFileType = sourcecode.swift; path = ChargeVC.swift; sourceTree = "<group>"; };
		12CEC344269751E4003D1A6F /* VibrationVC.swift */ = {isa = PBXFileReference; lastKnownFileType = sourcecode.swift; path = VibrationVC.swift; sourceTree = "<group>"; };
		1BDA99E3F255445D3127D7EF /* Pods-Testik.release.xcconfig */ = {isa = PBXFileReference; includeInIndex = 1; lastKnownFileType = text.xcconfig; name = "Pods-Testik.release.xcconfig"; path = "Target Support Files/Pods-Testik/Pods-Testik.release.xcconfig"; sourceTree = "<group>"; };
		3FA4F2F8739EDB85A42D2F9C /* Pods_Testik.framework */ = {isa = PBXFileReference; explicitFileType = wrapper.framework; includeInIndex = 0; path = Pods_Testik.framework; sourceTree = BUILT_PRODUCTS_DIR; };
		55F4563BD6F2F86907E6E88D /* Pods-TestikTests.release.xcconfig */ = {isa = PBXFileReference; includeInIndex = 1; lastKnownFileType = text.xcconfig; name = "Pods-TestikTests.release.xcconfig"; path = "Target Support Files/Pods-TestikTests/Pods-TestikTests.release.xcconfig"; sourceTree = "<group>"; };
		5E1852913B6264D1D5971A00 /* Pods-Testik-TestikUITests.debug.xcconfig */ = {isa = PBXFileReference; includeInIndex = 1; lastKnownFileType = text.xcconfig; name = "Pods-Testik-TestikUITests.debug.xcconfig"; path = "Target Support Files/Pods-Testik-TestikUITests/Pods-Testik-TestikUITests.debug.xcconfig"; sourceTree = "<group>"; };
		64C2C77C63C03B4C3EE8F63F /* Pods-Testik.debug.xcconfig */ = {isa = PBXFileReference; includeInIndex = 1; lastKnownFileType = text.xcconfig; name = "Pods-Testik.debug.xcconfig"; path = "Target Support Files/Pods-Testik/Pods-Testik.debug.xcconfig"; sourceTree = "<group>"; };
		6EB7630F4597E2A081F0A26E /* Pods-TestikTests.debug.xcconfig */ = {isa = PBXFileReference; includeInIndex = 1; lastKnownFileType = text.xcconfig; name = "Pods-TestikTests.debug.xcconfig"; path = "Target Support Files/Pods-TestikTests/Pods-TestikTests.debug.xcconfig"; sourceTree = "<group>"; };
		B22A903EF22D9BCFE6F5A7F9 /* Pods_Testik_TestikUITests.framework */ = {isa = PBXFileReference; explicitFileType = wrapper.framework; includeInIndex = 0; path = Pods_Testik_TestikUITests.framework; sourceTree = BUILT_PRODUCTS_DIR; };
		DDA17552F5248380CD895755 /* Pods_TestikTests.framework */ = {isa = PBXFileReference; explicitFileType = wrapper.framework; includeInIndex = 0; path = Pods_TestikTests.framework; sourceTree = BUILT_PRODUCTS_DIR; };
		E9341DE5CD5B72C84949D73E /* Pods-Testik-TestikUITests.release.xcconfig */ = {isa = PBXFileReference; includeInIndex = 1; lastKnownFileType = text.xcconfig; name = "Pods-Testik-TestikUITests.release.xcconfig"; path = "Target Support Files/Pods-Testik-TestikUITests/Pods-Testik-TestikUITests.release.xcconfig"; sourceTree = "<group>"; };
/* End PBXFileReference section */

/* Begin PBXFrameworksBuildPhase section */
		129530F3267296B40041F55F /* Frameworks */ = {
			isa = PBXFrameworksBuildPhase;
			buildActionMask = 2147483647;
			files = (
				BB3FE5C4A7DBA71A173EB613 /* Pods_Testik.framework in Frameworks */,
			);
			runOnlyForDeploymentPostprocessing = 0;
		};
		12953109267296B60041F55F /* Frameworks */ = {
			isa = PBXFrameworksBuildPhase;
			buildActionMask = 2147483647;
			files = (
				FC297C36B92A92E393A7AECC /* Pods_TestikTests.framework in Frameworks */,
			);
			runOnlyForDeploymentPostprocessing = 0;
		};
		12953114267296B60041F55F /* Frameworks */ = {
			isa = PBXFrameworksBuildPhase;
			buildActionMask = 2147483647;
			files = (
				8A9BD86054FE3101ED4FB4ED /* Pods_Testik_TestikUITests.framework in Frameworks */,
			);
			runOnlyForDeploymentPostprocessing = 0;
		};
/* End PBXFrameworksBuildPhase section */

/* Begin PBXGroup section */
		122EF0932690991A00888723 /* Microphone */ = {
			isa = PBXGroup;
			children = (
				122EF09B2690A36E00888723 /* Controllers */,
				122EF0982690A30600888723 /* Custom Views */,
				122EF0952690A2AC00888723 /* Extensions */,
				122EF0A82690A6FE00888723 /* Bridging-Header.h */,
			);
			path = Microphone;
			sourceTree = "<group>";
		};
		122EF09426909AD800888723 /* Resources */ = {
			isa = PBXGroup;
			children = (
				12953102267296B60041F55F /* Assets.xcassets */,
				12B0556D268F8B3200C778F2 /* Audio */,
			);
			path = Resources;
			sourceTree = "<group>";
		};
		122EF0952690A2AC00888723 /* Extensions */ = {
			isa = PBXGroup;
			children = (
				122EF0962690A2E100888723 /* Extensions.swift */,
			);
			path = Extensions;
			sourceTree = "<group>";
		};
		122EF0982690A30600888723 /* Custom Views */ = {
			isa = PBXGroup;
			children = (
				122EF0992690A33100888723 /* AudioVisualizerView.swift */,
			);
			path = "Custom Views";
			sourceTree = "<group>";
		};
		122EF09B2690A36E00888723 /* Controllers */ = {
			isa = PBXGroup;
			children = (
				122EF0A02690A41500888723 /* RecorderView */,
				122EF09C2690A39100888723 /* RecordingsVC.swift */,
				122EF09E2690A3F000888723 /* MicrophoneVC.swift */,
			);
			path = Controllers;
			sourceTree = "<group>";
		};
		122EF0A02690A41500888723 /* RecorderView */ = {
			isa = PBXGroup;
			children = (
				122EF0A52690A4C000888723 /* RecordButtonKit.swift */,
				122EF0A32690A48F00888723 /* RecordButton.swift */,
				122EF0A12690A43C00888723 /* RecorderVC.swift */,
			);
			path = RecorderView;
			sourceTree = "<group>";
		};
		12495D3D268B230F00DD6191 /* Camera */ = {
			isa = PBXGroup;
			children = (
				12495D3B268B230200DD6191 /* FlashVC.swift */,
				12A93835268DB78A00E3E7EC /* PhotoVC.swift */,
				12A93837268DC54100E3E7EC /* PhotoVC+Ext.swift */,
			);
			path = Camera;
			sourceTree = "<group>";
		};
		12597D6926958DFD00D3D679 /* Сonnection */ = {
			isa = PBXGroup;
			children = (
				12597D6C26958E7700D3D679 /* WiFi_VC.swift */,
				12C3A3482697375200604611 /* CellularVC.swift */,
				12CEC34026974EC8003D1A6F /* GPS */,
				1270432326971FB500CB55D7 /* Bluetooth */,
				12597D6E26962E1A00D3D679 /* Helps */,
			);
			path = "Сonnection";
			sourceTree = "<group>";
		};
		12597D6E26962E1A00D3D679 /* Helps */ = {
			isa = PBXGroup;
			children = (
				12597D6A26958E2500D3D679 /* Reachability.swift */,
			);
			path = Helps;
			sourceTree = "<group>";
		};
		1270432326971FB500CB55D7 /* Bluetooth */ = {
			isa = PBXGroup;
			children = (
				126704D02696F8E70046455B /* BluetoothVC.swift */,
				1270432126971ED100CB55D7 /* BluetoothVC+Ext.swift */,
			);
			path = Bluetooth;
			sourceTree = "<group>";
		};
		12742AAC26886129003D0BEE /* Touch */ = {
			isa = PBXGroup;
			children = (
				124A0EE22675024700621D68 /* TouchVC.swift */,
				12742AAD268861C5003D0BEE /* CanvasTouch.swift */,
			);
			path = Touch;
			sourceTree = "<group>";
		};
		12742AAF268864B2003D0BEE /* Compass */ = {
			isa = PBXGroup;
			children = (
				12742AB2268864FE003D0BEE /* CompassVC.swift */,
				12742AB0268864D9003D0BEE /* CanvasCompassV.swift */,
			);
			path = Compass;
			sourceTree = "<group>";
		};
		1289A984267F5CE8002070FB /* Sensors */ = {
			isa = PBXGroup;
			children = (
				1289A985267F5D83002070FB /* AccelerVC.swift */,
				1289A987267F6081002070FB /* DistanсeVC.swift */,
				1259866A26875B5600EA42F0 /* AmbientLightSensorVC.swift */,
				12495D39268AFDB800DD6191 /* AuthorizationVC.swift */,
				12742AAF268864B2003D0BEE /* Compass */,
			);
			path = Sensors;
			sourceTree = "<group>";
		};
		129530ED267296B40041F55F = {
			isa = PBXGroup;
			children = (
				129530F8267296B40041F55F /* Testik */,
				1295310F267296B60041F55F /* TestikTests */,
				1295311A267296B60041F55F /* TestikUITests */,
				129530F7267296B40041F55F /* Products */,
				E47F2370D695B88C995F773E /* Pods */,
				4CE02AD1567F8EFB173C79A5 /* Frameworks */,
			);
			sourceTree = "<group>";
		};
		129530F7267296B40041F55F /* Products */ = {
			isa = PBXGroup;
			children = (
				129530F6267296B40041F55F /* Testik.app */,
				1295310C267296B60041F55F /* TestikTests.xctest */,
				12953117267296B60041F55F /* TestikUITests.xctest */,
			);
			name = Products;
			sourceTree = "<group>";
		};
		129530F8267296B40041F55F /* Testik */ = {
			isa = PBXGroup;
			children = (
				129530F9267296B40041F55F /* AppDelegate.swift */,
				129530FB267296B40041F55F /* SceneDelegate.swift */,
				129530FD267296B40041F55F /* MainMenuVC.swift */,
				129530FF267296B40041F55F /* Main.storyboard */,
				12953104267296B60041F55F /* LaunchScreen.storyboard */,
				12597D6926958DFD00D3D679 /* Сonnection */,
				12BFFD1E268F7233009EDEFA /* Sound */,
				12BA3288267F582300ED280D /* Display */,
				1289A984267F5CE8002070FB /* Sensors */,
				12495D3D268B230F00DD6191 /* Camera */,
				12CEC34126975144003D1A6F /* Other tests */,
				122EF09426909AD800888723 /* Resources */,
				12953107267296B60041F55F /* Info.plist */,
			);
			path = Testik;
			sourceTree = "<group>";
		};
		1295310F267296B60041F55F /* TestikTests */ = {
			isa = PBXGroup;
			children = (
				12953110267296B60041F55F /* TestikTests.swift */,
				12953112267296B60041F55F /* Info.plist */,
			);
			path = TestikTests;
			sourceTree = "<group>";
		};
		1295311A267296B60041F55F /* TestikUITests */ = {
			isa = PBXGroup;
			children = (
				1295311B267296B60041F55F /* TestikUITests.swift */,
				1295311D267296B60041F55F /* Info.plist */,
			);
			path = TestikUITests;
			sourceTree = "<group>";
		};
		12B0556D268F8B3200C778F2 /* Audio */ = {
			isa = PBXGroup;
			children = (
				122EF0A92690A73B00888723 /* StartRecording.aiff */,
				122EF0AA2690A73C00888723 /* StopRecording.aiff */,
				12B0556E268F8B6A00C778F2 /* testSound.mp3 */,
				12A983D72694784D00C35739 /* fakeSound2.mp3 */,
			);
			path = Audio;
			sourceTree = "<group>";
		};
		12BA3288267F582300ED280D /* Display */ = {
			isa = PBXGroup;
			children = (
				124A0EDD2675022C00621D68 /* RGB_VC.swift */,
				124A0EE72675026500621D68 /* BWG_VC.swift */,
				1211B40E267B495E00B2F9A2 /* Contrast&Gamma_VC.swift */,
				12742AAC26886129003D0BEE /* Touch */,
			);
			path = Display;
			sourceTree = "<group>";
		};
		12BFFD1E268F7233009EDEFA /* Sound */ = {
			isa = PBXGroup;
			children = (
				12BFFD1F268F775C009EDEFA /* MainSpeakVC.swift */,
				12B05570268F8DCA00C778F2 /* FrontSpeakVC.swift */,
				1292E90A2692FCCC00418C4A /* HeadphonesSpeakVC.swift */,
				122EF0932690991A00888723 /* Microphone */,
			);
			path = Sound;
			sourceTree = "<group>";
		};
		12CEC34026974EC8003D1A6F /* GPS */ = {
			isa = PBXGroup;
			children = (
				1270432426971FD100CB55D7 /* GPS_VC.swift */,
				127043262697205300CB55D7 /* GPS_VC+Ext.swift */,
			);
			path = GPS;
			sourceTree = "<group>";
		};
		12CEC34126975144003D1A6F /* Other tests */ = {
			isa = PBXGroup;
			children = (
				12CEC342269751AA003D1A6F /* ChargeVC.swift */,
				12CEC344269751E4003D1A6F /* VibrationVC.swift */,
				123FBCF1269864ED00E2AEE2 /* ButtonsVC.swift */,
			);
			path = "Other tests";
			sourceTree = "<group>";
		};
		4CE02AD1567F8EFB173C79A5 /* Frameworks */ = {
			isa = PBXGroup;
			children = (
				3FA4F2F8739EDB85A42D2F9C /* Pods_Testik.framework */,
				B22A903EF22D9BCFE6F5A7F9 /* Pods_Testik_TestikUITests.framework */,
				DDA17552F5248380CD895755 /* Pods_TestikTests.framework */,
			);
			name = Frameworks;
			sourceTree = "<group>";
		};
		E47F2370D695B88C995F773E /* Pods */ = {
			isa = PBXGroup;
			children = (
				64C2C77C63C03B4C3EE8F63F /* Pods-Testik.debug.xcconfig */,
				1BDA99E3F255445D3127D7EF /* Pods-Testik.release.xcconfig */,
				5E1852913B6264D1D5971A00 /* Pods-Testik-TestikUITests.debug.xcconfig */,
				E9341DE5CD5B72C84949D73E /* Pods-Testik-TestikUITests.release.xcconfig */,
				6EB7630F4597E2A081F0A26E /* Pods-TestikTests.debug.xcconfig */,
				55F4563BD6F2F86907E6E88D /* Pods-TestikTests.release.xcconfig */,
			);
			path = Pods;
			sourceTree = "<group>";
		};
/* End PBXGroup section */

/* Begin PBXNativeTarget section */
		129530F5267296B40041F55F /* Testik */ = {
			isa = PBXNativeTarget;
			buildConfigurationList = 12953120267296B60041F55F /* Build configuration list for PBXNativeTarget "Testik" */;
			buildPhases = (
				B16D1F008CFD8641D3ACF0EE /* [CP] Check Pods Manifest.lock */,
				129530F2267296B40041F55F /* Sources */,
				129530F3267296B40041F55F /* Frameworks */,
				129530F4267296B40041F55F /* Resources */,
				3FA1F797A2E7F65A5FF9A82A /* [CP] Embed Pods Frameworks */,
			);
			buildRules = (
			);
			dependencies = (
			);
			name = Testik;
			productName = Testik;
			productReference = 129530F6267296B40041F55F /* Testik.app */;
			productType = "com.apple.product-type.application";
		};
		1295310B267296B60041F55F /* TestikTests */ = {
			isa = PBXNativeTarget;
			buildConfigurationList = 12953123267296B60041F55F /* Build configuration list for PBXNativeTarget "TestikTests" */;
			buildPhases = (
				32AB7A9E515E596CC5FFDE2D /* [CP] Check Pods Manifest.lock */,
				12953108267296B60041F55F /* Sources */,
				12953109267296B60041F55F /* Frameworks */,
				1295310A267296B60041F55F /* Resources */,
			);
			buildRules = (
			);
			dependencies = (
				1295310E267296B60041F55F /* PBXTargetDependency */,
			);
			name = TestikTests;
			productName = TestikTests;
			productReference = 1295310C267296B60041F55F /* TestikTests.xctest */;
			productType = "com.apple.product-type.bundle.unit-test";
		};
		12953116267296B60041F55F /* TestikUITests */ = {
			isa = PBXNativeTarget;
			buildConfigurationList = 12953126267296B60041F55F /* Build configuration list for PBXNativeTarget "TestikUITests" */;
			buildPhases = (
				147E8E972C03CA0318AD31E3 /* [CP] Check Pods Manifest.lock */,
				12953113267296B60041F55F /* Sources */,
				12953114267296B60041F55F /* Frameworks */,
				12953115267296B60041F55F /* Resources */,
				D530CE874F1E34E7AAD87F55 /* [CP] Embed Pods Frameworks */,
			);
			buildRules = (
			);
			dependencies = (
				12953119267296B60041F55F /* PBXTargetDependency */,
			);
			name = TestikUITests;
			productName = TestikUITests;
			productReference = 12953117267296B60041F55F /* TestikUITests.xctest */;
			productType = "com.apple.product-type.bundle.ui-testing";
		};
/* End PBXNativeTarget section */

/* Begin PBXProject section */
		129530EE267296B40041F55F /* Project object */ = {
			isa = PBXProject;
			attributes = {
				LastSwiftUpdateCheck = 1240;
				LastUpgradeCheck = 1240;
				TargetAttributes = {
					129530F5267296B40041F55F = {
						CreatedOnToolsVersion = 12.4;
					};
					1295310B267296B60041F55F = {
						CreatedOnToolsVersion = 12.4;
						TestTargetID = 129530F5267296B40041F55F;
					};
					12953116267296B60041F55F = {
						CreatedOnToolsVersion = 12.4;
						TestTargetID = 129530F5267296B40041F55F;
					};
				};
			};
			buildConfigurationList = 129530F1267296B40041F55F /* Build configuration list for PBXProject "Testik" */;
			compatibilityVersion = "Xcode 9.3";
			developmentRegion = en;
			hasScannedForEncodings = 0;
			knownRegions = (
				en,
				Base,
			);
			mainGroup = 129530ED267296B40041F55F;
			productRefGroup = 129530F7267296B40041F55F /* Products */;
			projectDirPath = "";
			projectRoot = "";
			targets = (
				129530F5267296B40041F55F /* Testik */,
				1295310B267296B60041F55F /* TestikTests */,
				12953116267296B60041F55F /* TestikUITests */,
			);
		};
/* End PBXProject section */

/* Begin PBXResourcesBuildPhase section */
		129530F4267296B40041F55F /* Resources */ = {
			isa = PBXResourcesBuildPhase;
			buildActionMask = 2147483647;
			files = (
				12953106267296B60041F55F /* LaunchScreen.storyboard in Resources */,
				122EF0AC2690A73C00888723 /* StopRecording.aiff in Resources */,
				12953103267296B60041F55F /* Assets.xcassets in Resources */,
				122EF0AB2690A73C00888723 /* StartRecording.aiff in Resources */,
				12A983D82694784D00C35739 /* fakeSound2.mp3 in Resources */,
				12953101267296B40041F55F /* Main.storyboard in Resources */,
				12B0556F268F8B6A00C778F2 /* testSound.mp3 in Resources */,
			);
			runOnlyForDeploymentPostprocessing = 0;
		};
		1295310A267296B60041F55F /* Resources */ = {
			isa = PBXResourcesBuildPhase;
			buildActionMask = 2147483647;
			files = (
			);
			runOnlyForDeploymentPostprocessing = 0;
		};
		12953115267296B60041F55F /* Resources */ = {
			isa = PBXResourcesBuildPhase;
			buildActionMask = 2147483647;
			files = (
			);
			runOnlyForDeploymentPostprocessing = 0;
		};
/* End PBXResourcesBuildPhase section */

/* Begin PBXShellScriptBuildPhase section */
		147E8E972C03CA0318AD31E3 /* [CP] Check Pods Manifest.lock */ = {
			isa = PBXShellScriptBuildPhase;
			buildActionMask = 2147483647;
			files = (
			);
			inputFileListPaths = (
			);
			inputPaths = (
				"${PODS_PODFILE_DIR_PATH}/Podfile.lock",
				"${PODS_ROOT}/Manifest.lock",
			);
			name = "[CP] Check Pods Manifest.lock";
			outputFileListPaths = (
			);
			outputPaths = (
				"$(DERIVED_FILE_DIR)/Pods-Testik-TestikUITests-checkManifestLockResult.txt",
			);
			runOnlyForDeploymentPostprocessing = 0;
			shellPath = /bin/sh;
			shellScript = "diff \"${PODS_PODFILE_DIR_PATH}/Podfile.lock\" \"${PODS_ROOT}/Manifest.lock\" > /dev/null\nif [ $? != 0 ] ; then\n    # print error to STDERR\n    echo \"error: The sandbox is not in sync with the Podfile.lock. Run 'pod install' or update your CocoaPods installation.\" >&2\n    exit 1\nfi\n# This output is used by Xcode 'outputs' to avoid re-running this script phase.\necho \"SUCCESS\" > \"${SCRIPT_OUTPUT_FILE_0}\"\n";
			showEnvVarsInLog = 0;
		};
		32AB7A9E515E596CC5FFDE2D /* [CP] Check Pods Manifest.lock */ = {
			isa = PBXShellScriptBuildPhase;
			buildActionMask = 2147483647;
			files = (
			);
			inputFileListPaths = (
			);
			inputPaths = (
				"${PODS_PODFILE_DIR_PATH}/Podfile.lock",
				"${PODS_ROOT}/Manifest.lock",
			);
			name = "[CP] Check Pods Manifest.lock";
			outputFileListPaths = (
			);
			outputPaths = (
				"$(DERIVED_FILE_DIR)/Pods-TestikTests-checkManifestLockResult.txt",
			);
			runOnlyForDeploymentPostprocessing = 0;
			shellPath = /bin/sh;
			shellScript = "diff \"${PODS_PODFILE_DIR_PATH}/Podfile.lock\" \"${PODS_ROOT}/Manifest.lock\" > /dev/null\nif [ $? != 0 ] ; then\n    # print error to STDERR\n    echo \"error: The sandbox is not in sync with the Podfile.lock. Run 'pod install' or update your CocoaPods installation.\" >&2\n    exit 1\nfi\n# This output is used by Xcode 'outputs' to avoid re-running this script phase.\necho \"SUCCESS\" > \"${SCRIPT_OUTPUT_FILE_0}\"\n";
			showEnvVarsInLog = 0;
		};
		3FA1F797A2E7F65A5FF9A82A /* [CP] Embed Pods Frameworks */ = {
			isa = PBXShellScriptBuildPhase;
			buildActionMask = 2147483647;
			files = (
			);
			inputFileListPaths = (
				"${PODS_ROOT}/Target Support Files/Pods-Testik/Pods-Testik-frameworks-${CONFIGURATION}-input-files.xcfilelist",
			);
			name = "[CP] Embed Pods Frameworks";
			outputFileListPaths = (
				"${PODS_ROOT}/Target Support Files/Pods-Testik/Pods-Testik-frameworks-${CONFIGURATION}-output-files.xcfilelist",
			);
			runOnlyForDeploymentPostprocessing = 0;
			shellPath = /bin/sh;
			shellScript = "\"${PODS_ROOT}/Target Support Files/Pods-Testik/Pods-Testik-frameworks.sh\"\n";
			showEnvVarsInLog = 0;
		};
		B16D1F008CFD8641D3ACF0EE /* [CP] Check Pods Manifest.lock */ = {
			isa = PBXShellScriptBuildPhase;
			buildActionMask = 2147483647;
			files = (
			);
			inputFileListPaths = (
			);
			inputPaths = (
				"${PODS_PODFILE_DIR_PATH}/Podfile.lock",
				"${PODS_ROOT}/Manifest.lock",
			);
			name = "[CP] Check Pods Manifest.lock";
			outputFileListPaths = (
			);
			outputPaths = (
				"$(DERIVED_FILE_DIR)/Pods-Testik-checkManifestLockResult.txt",
			);
			runOnlyForDeploymentPostprocessing = 0;
			shellPath = /bin/sh;
			shellScript = "diff \"${PODS_PODFILE_DIR_PATH}/Podfile.lock\" \"${PODS_ROOT}/Manifest.lock\" > /dev/null\nif [ $? != 0 ] ; then\n    # print error to STDERR\n    echo \"error: The sandbox is not in sync with the Podfile.lock. Run 'pod install' or update your CocoaPods installation.\" >&2\n    exit 1\nfi\n# This output is used by Xcode 'outputs' to avoid re-running this script phase.\necho \"SUCCESS\" > \"${SCRIPT_OUTPUT_FILE_0}\"\n";
			showEnvVarsInLog = 0;
		};
		D530CE874F1E34E7AAD87F55 /* [CP] Embed Pods Frameworks */ = {
			isa = PBXShellScriptBuildPhase;
			buildActionMask = 2147483647;
			files = (
			);
			inputFileListPaths = (
				"${PODS_ROOT}/Target Support Files/Pods-Testik-TestikUITests/Pods-Testik-TestikUITests-frameworks-${CONFIGURATION}-input-files.xcfilelist",
			);
			name = "[CP] Embed Pods Frameworks";
			outputFileListPaths = (
				"${PODS_ROOT}/Target Support Files/Pods-Testik-TestikUITests/Pods-Testik-TestikUITests-frameworks-${CONFIGURATION}-output-files.xcfilelist",
			);
			runOnlyForDeploymentPostprocessing = 0;
			shellPath = /bin/sh;
			shellScript = "\"${PODS_ROOT}/Target Support Files/Pods-Testik-TestikUITests/Pods-Testik-TestikUITests-frameworks.sh\"\n";
			showEnvVarsInLog = 0;
		};
/* End PBXShellScriptBuildPhase section */

/* Begin PBXSourcesBuildPhase section */
		129530F2267296B40041F55F /* Sources */ = {
			isa = PBXSourcesBuildPhase;
			buildActionMask = 2147483647;
			files = (
				129530FE267296B40041F55F /* MainMenuVC.swift in Sources */,
				122EF09F2690A3F000888723 /* MicrophoneVC.swift in Sources */,
				1292E90B2692FCCC00418C4A /* HeadphonesSpeakVC.swift in Sources */,
				12CEC345269751E4003D1A6F /* VibrationVC.swift in Sources */,
				12A93838268DC54100E3E7EC /* PhotoVC+Ext.swift in Sources */,
				12742AAE268861C5003D0BEE /* CanvasTouch.swift in Sources */,
				12597D6D26958E7700D3D679 /* WiFi_VC.swift in Sources */,
				122EF0A42690A48F00888723 /* RecordButton.swift in Sources */,
				122EF0A22690A43C00888723 /* RecorderVC.swift in Sources */,
				12BFFD20268F775C009EDEFA /* MainSpeakVC.swift in Sources */,
				1270432526971FD100CB55D7 /* GPS_VC.swift in Sources */,
				122EF0A62690A4C000888723 /* RecordButtonKit.swift in Sources */,
				124A0EE82675026500621D68 /* BWG_VC.swift in Sources */,
				1289A988267F6081002070FB /* DistanсeVC.swift in Sources */,
				12495D3C268B230200DD6191 /* FlashVC.swift in Sources */,
				1270432226971ED100CB55D7 /* BluetoothVC+Ext.swift in Sources */,
				12C3A3492697375200604611 /* CellularVC.swift in Sources */,
				12495D3A268AFDB800DD6191 /* AuthorizationVC.swift in Sources */,
				1289A986267F5D83002070FB /* AccelerVC.swift in Sources */,
				127043272697205300CB55D7 /* GPS_VC+Ext.swift in Sources */,
				12597D6B26958E2500D3D679 /* Reachability.swift in Sources */,
				122EF09A2690A33100888723 /* AudioVisualizerView.swift in Sources */,
				12B05571268F8DCA00C778F2 /* FrontSpeakVC.swift in Sources */,
				124A0EE32675024700621D68 /* TouchVC.swift in Sources */,
				12CEC343269751AA003D1A6F /* ChargeVC.swift in Sources */,
				126704D12696F8E70046455B /* BluetoothVC.swift in Sources */,
				12742AB1268864D9003D0BEE /* CanvasCompassV.swift in Sources */,
				129530FA267296B40041F55F /* AppDelegate.swift in Sources */,
				122EF09D2690A39100888723 /* RecordingsVC.swift in Sources */,
				12742AB3268864FE003D0BEE /* CompassVC.swift in Sources */,
				123FBCF2269864ED00E2AEE2 /* ButtonsVC.swift in Sources */,
				12A93836268DB78A00E3E7EC /* PhotoVC.swift in Sources */,
				122EF0972690A2E100888723 /* Extensions.swift in Sources */,
				124A0EDE2675022C00621D68 /* RGB_VC.swift in Sources */,
				129530FC267296B40041F55F /* SceneDelegate.swift in Sources */,
				1259866B26875B5600EA42F0 /* AmbientLightSensorVC.swift in Sources */,
				1211B40F267B495E00B2F9A2 /* Contrast&Gamma_VC.swift in Sources */,
			);
			runOnlyForDeploymentPostprocessing = 0;
		};
		12953108267296B60041F55F /* Sources */ = {
			isa = PBXSourcesBuildPhase;
			buildActionMask = 2147483647;
			files = (
				12953111267296B60041F55F /* TestikTests.swift in Sources */,
			);
			runOnlyForDeploymentPostprocessing = 0;
		};
		12953113267296B60041F55F /* Sources */ = {
			isa = PBXSourcesBuildPhase;
			buildActionMask = 2147483647;
			files = (
				1295311C267296B60041F55F /* TestikUITests.swift in Sources */,
			);
			runOnlyForDeploymentPostprocessing = 0;
		};
/* End PBXSourcesBuildPhase section */

/* Begin PBXTargetDependency section */
		1295310E267296B60041F55F /* PBXTargetDependency */ = {
			isa = PBXTargetDependency;
			target = 129530F5267296B40041F55F /* Testik */;
			targetProxy = 1295310D267296B60041F55F /* PBXContainerItemProxy */;
		};
		12953119267296B60041F55F /* PBXTargetDependency */ = {
			isa = PBXTargetDependency;
			target = 129530F5267296B40041F55F /* Testik */;
			targetProxy = 12953118267296B60041F55F /* PBXContainerItemProxy */;
		};
/* End PBXTargetDependency section */

/* Begin PBXVariantGroup section */
		129530FF267296B40041F55F /* Main.storyboard */ = {
			isa = PBXVariantGroup;
			children = (
				12953100267296B40041F55F /* Base */,
			);
			name = Main.storyboard;
			sourceTree = "<group>";
		};
		12953104267296B60041F55F /* LaunchScreen.storyboard */ = {
			isa = PBXVariantGroup;
			children = (
				12953105267296B60041F55F /* Base */,
			);
			name = LaunchScreen.storyboard;
			sourceTree = "<group>";
		};
/* End PBXVariantGroup section */

/* Begin XCBuildConfiguration section */
		1295311E267296B60041F55F /* Debug */ = {
			isa = XCBuildConfiguration;
			buildSettings = {
				ALWAYS_SEARCH_USER_PATHS = NO;
				CLANG_ANALYZER_NONNULL = YES;
				CLANG_ANALYZER_NUMBER_OBJECT_CONVERSION = YES_AGGRESSIVE;
				CLANG_CXX_LANGUAGE_STANDARD = "gnu++14";
				CLANG_CXX_LIBRARY = "libc++";
				CLANG_ENABLE_MODULES = YES;
				CLANG_ENABLE_OBJC_ARC = YES;
				CLANG_ENABLE_OBJC_WEAK = YES;
				CLANG_WARN_BLOCK_CAPTURE_AUTORELEASING = YES;
				CLANG_WARN_BOOL_CONVERSION = YES;
				CLANG_WARN_COMMA = YES;
				CLANG_WARN_CONSTANT_CONVERSION = YES;
				CLANG_WARN_DEPRECATED_OBJC_IMPLEMENTATIONS = YES;
				CLANG_WARN_DIRECT_OBJC_ISA_USAGE = YES_ERROR;
				CLANG_WARN_DOCUMENTATION_COMMENTS = YES;
				CLANG_WARN_EMPTY_BODY = YES;
				CLANG_WARN_ENUM_CONVERSION = YES;
				CLANG_WARN_INFINITE_RECURSION = YES;
				CLANG_WARN_INT_CONVERSION = YES;
				CLANG_WARN_NON_LITERAL_NULL_CONVERSION = YES;
				CLANG_WARN_OBJC_IMPLICIT_RETAIN_SELF = YES;
				CLANG_WARN_OBJC_LITERAL_CONVERSION = YES;
				CLANG_WARN_OBJC_ROOT_CLASS = YES_ERROR;
				CLANG_WARN_QUOTED_INCLUDE_IN_FRAMEWORK_HEADER = YES;
				CLANG_WARN_RANGE_LOOP_ANALYSIS = YES;
				CLANG_WARN_STRICT_PROTOTYPES = YES;
				CLANG_WARN_SUSPICIOUS_MOVE = YES;
				CLANG_WARN_UNGUARDED_AVAILABILITY = YES_AGGRESSIVE;
				CLANG_WARN_UNREACHABLE_CODE = YES;
				CLANG_WARN__DUPLICATE_METHOD_MATCH = YES;
				COPY_PHASE_STRIP = NO;
				DEBUG_INFORMATION_FORMAT = dwarf;
				ENABLE_STRICT_OBJC_MSGSEND = YES;
				ENABLE_TESTABILITY = YES;
				GCC_C_LANGUAGE_STANDARD = gnu11;
				GCC_DYNAMIC_NO_PIC = NO;
				GCC_NO_COMMON_BLOCKS = YES;
				GCC_OPTIMIZATION_LEVEL = 0;
				GCC_PREPROCESSOR_DEFINITIONS = (
					"DEBUG=1",
					"$(inherited)",
				);
				GCC_WARN_64_TO_32_BIT_CONVERSION = YES;
				GCC_WARN_ABOUT_RETURN_TYPE = YES_ERROR;
				GCC_WARN_UNDECLARED_SELECTOR = YES;
				GCC_WARN_UNINITIALIZED_AUTOS = YES_AGGRESSIVE;
				GCC_WARN_UNUSED_FUNCTION = YES;
				GCC_WARN_UNUSED_VARIABLE = YES;
				IPHONEOS_DEPLOYMENT_TARGET = 14.4;
				MTL_ENABLE_DEBUG_INFO = INCLUDE_SOURCE;
				MTL_FAST_MATH = YES;
				ONLY_ACTIVE_ARCH = YES;
				SDKROOT = iphoneos;
				SWIFT_ACTIVE_COMPILATION_CONDITIONS = DEBUG;
				SWIFT_OPTIMIZATION_LEVEL = "-Onone";
			};
			name = Debug;
		};
		1295311F267296B60041F55F /* Release */ = {
			isa = XCBuildConfiguration;
			buildSettings = {
				ALWAYS_SEARCH_USER_PATHS = NO;
				CLANG_ANALYZER_NONNULL = YES;
				CLANG_ANALYZER_NUMBER_OBJECT_CONVERSION = YES_AGGRESSIVE;
				CLANG_CXX_LANGUAGE_STANDARD = "gnu++14";
				CLANG_CXX_LIBRARY = "libc++";
				CLANG_ENABLE_MODULES = YES;
				CLANG_ENABLE_OBJC_ARC = YES;
				CLANG_ENABLE_OBJC_WEAK = YES;
				CLANG_WARN_BLOCK_CAPTURE_AUTORELEASING = YES;
				CLANG_WARN_BOOL_CONVERSION = YES;
				CLANG_WARN_COMMA = YES;
				CLANG_WARN_CONSTANT_CONVERSION = YES;
				CLANG_WARN_DEPRECATED_OBJC_IMPLEMENTATIONS = YES;
				CLANG_WARN_DIRECT_OBJC_ISA_USAGE = YES_ERROR;
				CLANG_WARN_DOCUMENTATION_COMMENTS = YES;
				CLANG_WARN_EMPTY_BODY = YES;
				CLANG_WARN_ENUM_CONVERSION = YES;
				CLANG_WARN_INFINITE_RECURSION = YES;
				CLANG_WARN_INT_CONVERSION = YES;
				CLANG_WARN_NON_LITERAL_NULL_CONVERSION = YES;
				CLANG_WARN_OBJC_IMPLICIT_RETAIN_SELF = YES;
				CLANG_WARN_OBJC_LITERAL_CONVERSION = YES;
				CLANG_WARN_OBJC_ROOT_CLASS = YES_ERROR;
				CLANG_WARN_QUOTED_INCLUDE_IN_FRAMEWORK_HEADER = YES;
				CLANG_WARN_RANGE_LOOP_ANALYSIS = YES;
				CLANG_WARN_STRICT_PROTOTYPES = YES;
				CLANG_WARN_SUSPICIOUS_MOVE = YES;
				CLANG_WARN_UNGUARDED_AVAILABILITY = YES_AGGRESSIVE;
				CLANG_WARN_UNREACHABLE_CODE = YES;
				CLANG_WARN__DUPLICATE_METHOD_MATCH = YES;
				COPY_PHASE_STRIP = NO;
				DEBUG_INFORMATION_FORMAT = "dwarf-with-dsym";
				ENABLE_NS_ASSERTIONS = NO;
				ENABLE_STRICT_OBJC_MSGSEND = YES;
				GCC_C_LANGUAGE_STANDARD = gnu11;
				GCC_NO_COMMON_BLOCKS = YES;
				GCC_WARN_64_TO_32_BIT_CONVERSION = YES;
				GCC_WARN_ABOUT_RETURN_TYPE = YES_ERROR;
				GCC_WARN_UNDECLARED_SELECTOR = YES;
				GCC_WARN_UNINITIALIZED_AUTOS = YES_AGGRESSIVE;
				GCC_WARN_UNUSED_FUNCTION = YES;
				GCC_WARN_UNUSED_VARIABLE = YES;
				IPHONEOS_DEPLOYMENT_TARGET = 14.4;
				MTL_ENABLE_DEBUG_INFO = NO;
				MTL_FAST_MATH = YES;
				SDKROOT = iphoneos;
				SWIFT_COMPILATION_MODE = wholemodule;
				SWIFT_OPTIMIZATION_LEVEL = "-O";
				VALIDATE_PRODUCT = YES;
			};
			name = Release;
		};
		12953121267296B60041F55F /* Debug */ = {
			isa = XCBuildConfiguration;
			baseConfigurationReference = 64C2C77C63C03B4C3EE8F63F /* Pods-Testik.debug.xcconfig */;
			buildSettings = {
				ASSETCATALOG_COMPILER_APPICON_NAME = AppIcon;
				ASSETCATALOG_COMPILER_GLOBAL_ACCENT_COLOR_NAME = AccentColor;
				CODE_SIGN_STYLE = Automatic;
				DEVELOPMENT_TEAM = 6888952VPD;
				INFOPLIST_FILE = Testik/Info.plist;
				IPHONEOS_DEPLOYMENT_TARGET = 13.0;
				LD_RUNPATH_SEARCH_PATHS = (
					"$(inherited)",
					"@executable_path/Frameworks",
				);
				PRODUCT_BUNDLE_IDENTIFIER = ru.miklaz.Testik;
				PRODUCT_NAME = "$(TARGET_NAME)";
				SWIFT_OBJC_BRIDGING_HEADER = "Testik/Sound/Microphone/Bridging-Header.h";
				SWIFT_VERSION = 5.0;
				TARGETED_DEVICE_FAMILY = "1,2";
			};
			name = Debug;
		};
		12953122267296B60041F55F /* Release */ = {
			isa = XCBuildConfiguration;
			baseConfigurationReference = 1BDA99E3F255445D3127D7EF /* Pods-Testik.release.xcconfig */;
			buildSettings = {
				ASSETCATALOG_COMPILER_APPICON_NAME = AppIcon;
				ASSETCATALOG_COMPILER_GLOBAL_ACCENT_COLOR_NAME = AccentColor;
				CODE_SIGN_STYLE = Automatic;
				DEVELOPMENT_TEAM = 6888952VPD;
				INFOPLIST_FILE = Testik/Info.plist;
				IPHONEOS_DEPLOYMENT_TARGET = 13.0;
				LD_RUNPATH_SEARCH_PATHS = (
					"$(inherited)",
					"@executable_path/Frameworks",
				);
				PRODUCT_BUNDLE_IDENTIFIER = ru.miklaz.Testik;
				PRODUCT_NAME = "$(TARGET_NAME)";
				SWIFT_OBJC_BRIDGING_HEADER = "Testik/Sound/Microphone/Bridging-Header.h";
				SWIFT_VERSION = 5.0;
				TARGETED_DEVICE_FAMILY = "1,2";
			};
			name = Release;
		};
		12953124267296B60041F55F /* Debug */ = {
			isa = XCBuildConfiguration;
			baseConfigurationReference = 6EB7630F4597E2A081F0A26E /* Pods-TestikTests.debug.xcconfig */;
			buildSettings = {
				ALWAYS_EMBED_SWIFT_STANDARD_LIBRARIES = YES;
				BUNDLE_LOADER = "$(TEST_HOST)";
				CODE_SIGN_STYLE = Automatic;
				DEVELOPMENT_TEAM = 6888952VPD;
				INFOPLIST_FILE = TestikTests/Info.plist;
				IPHONEOS_DEPLOYMENT_TARGET = 14.4;
				LD_RUNPATH_SEARCH_PATHS = (
					"$(inherited)",
					"@executable_path/Frameworks",
					"@loader_path/Frameworks",
				);
				PRODUCT_BUNDLE_IDENTIFIER = ru.miklaz.TestikTests;
				PRODUCT_NAME = "$(TARGET_NAME)";
				SWIFT_VERSION = 5.0;
				TARGETED_DEVICE_FAMILY = "1,2";
				TEST_HOST = "$(BUILT_PRODUCTS_DIR)/Testik.app/Testik";
			};
			name = Debug;
		};
		12953125267296B60041F55F /* Release */ = {
			isa = XCBuildConfiguration;
			baseConfigurationReference = 55F4563BD6F2F86907E6E88D /* Pods-TestikTests.release.xcconfig */;
			buildSettings = {
				ALWAYS_EMBED_SWIFT_STANDARD_LIBRARIES = YES;
				BUNDLE_LOADER = "$(TEST_HOST)";
				CODE_SIGN_STYLE = Automatic;
				DEVELOPMENT_TEAM = 6888952VPD;
				INFOPLIST_FILE = TestikTests/Info.plist;
				IPHONEOS_DEPLOYMENT_TARGET = 14.4;
				LD_RUNPATH_SEARCH_PATHS = (
					"$(inherited)",
					"@executable_path/Frameworks",
					"@loader_path/Frameworks",
				);
				PRODUCT_BUNDLE_IDENTIFIER = ru.miklaz.TestikTests;
				PRODUCT_NAME = "$(TARGET_NAME)";
				SWIFT_VERSION = 5.0;
				TARGETED_DEVICE_FAMILY = "1,2";
				TEST_HOST = "$(BUILT_PRODUCTS_DIR)/Testik.app/Testik";
			};
			name = Release;
		};
		12953127267296B60041F55F /* Debug */ = {
			isa = XCBuildConfiguration;
			baseConfigurationReference = 5E1852913B6264D1D5971A00 /* Pods-Testik-TestikUITests.debug.xcconfig */;
			buildSettings = {
				ALWAYS_EMBED_SWIFT_STANDARD_LIBRARIES = YES;
				CODE_SIGN_STYLE = Automatic;
				DEVELOPMENT_TEAM = 6888952VPD;
				INFOPLIST_FILE = TestikUITests/Info.plist;
				LD_RUNPATH_SEARCH_PATHS = (
					"$(inherited)",
					"@executable_path/Frameworks",
					"@loader_path/Frameworks",
				);
				PRODUCT_BUNDLE_IDENTIFIER = ru.miklaz.TestikUITests;
				PRODUCT_NAME = "$(TARGET_NAME)";
				SWIFT_VERSION = 5.0;
				TARGETED_DEVICE_FAMILY = "1,2";
				TEST_TARGET_NAME = Testik;
			};
			name = Debug;
		};
		12953128267296B60041F55F /* Release */ = {
			isa = XCBuildConfiguration;
			baseConfigurationReference = E9341DE5CD5B72C84949D73E /* Pods-Testik-TestikUITests.release.xcconfig */;
			buildSettings = {
				ALWAYS_EMBED_SWIFT_STANDARD_LIBRARIES = YES;
				CODE_SIGN_STYLE = Automatic;
				DEVELOPMENT_TEAM = 6888952VPD;
				INFOPLIST_FILE = TestikUITests/Info.plist;
				LD_RUNPATH_SEARCH_PATHS = (
					"$(inherited)",
					"@executable_path/Frameworks",
					"@loader_path/Frameworks",
				);
				PRODUCT_BUNDLE_IDENTIFIER = ru.miklaz.TestikUITests;
				PRODUCT_NAME = "$(TARGET_NAME)";
				SWIFT_VERSION = 5.0;
				TARGETED_DEVICE_FAMILY = "1,2";
				TEST_TARGET_NAME = Testik;
			};
			name = Release;
		};
/* End XCBuildConfiguration section */

/* Begin XCConfigurationList section */
		129530F1267296B40041F55F /* Build configuration list for PBXProject "Testik" */ = {
			isa = XCConfigurationList;
			buildConfigurations = (
				1295311E267296B60041F55F /* Debug */,
				1295311F267296B60041F55F /* Release */,
			);
			defaultConfigurationIsVisible = 0;
			defaultConfigurationName = Release;
		};
		12953120267296B60041F55F /* Build configuration list for PBXNativeTarget "Testik" */ = {
			isa = XCConfigurationList;
			buildConfigurations = (
				12953121267296B60041F55F /* Debug */,
				12953122267296B60041F55F /* Release */,
			);
			defaultConfigurationIsVisible = 0;
			defaultConfigurationName = Release;
		};
		12953123267296B60041F55F /* Build configuration list for PBXNativeTarget "TestikTests" */ = {
			isa = XCConfigurationList;
			buildConfigurations = (
				12953124267296B60041F55F /* Debug */,
				12953125267296B60041F55F /* Release */,
			);
			defaultConfigurationIsVisible = 0;
			defaultConfigurationName = Release;
		};
		12953126267296B60041F55F /* Build configuration list for PBXNativeTarget "TestikUITests" */ = {
			isa = XCConfigurationList;
			buildConfigurations = (
				12953127267296B60041F55F /* Debug */,
				12953128267296B60041F55F /* Release */,
			);
			defaultConfigurationIsVisible = 0;
			defaultConfigurationName = Release;
		};
/* End XCConfigurationList section */
	};
	rootObject = 129530EE267296B40041F55F /* Project object */;
}
